
Microsoft Visual Studio Solution File, Format Version 12.00
# Visual Studio Version 17
VisualStudioVersion = 17.10.34928.147
MinimumVisualStudioVersion = 10.0.40219.1
Project("{FAE04EC0-301F-11D3-BF4B-00C04F79EFBC}") = "Demo01", "Demo01\Demo01.csproj", "{34FE1241-36F9-45B6-8820-F7BF9EAA76E1}"
EndProject
Global
	GlobalSection(SolutionConfigurationPlatforms) = preSolution
		Debug|Any CPU = Debug|Any CPU
		Release|Any CPU = Release|Any CPU
	EndGlobalSection
	GlobalSection(ProjectConfigurationPlatforms) = postSolution
		{34FE1241-36F9-45B6-8820-F7BF9EAA76E1}.Debug|Any CPU.ActiveCfg = Debug|Any CPU
		{34FE1241-36F9-45B6-8820-F7BF9EAA76E1}.Debug|Any CPU.Build.0 = Debug|Any CPU
		{34FE1241-36F9-45B6-8820-F7BF9EAA76E1}.Release|Any CPU.ActiveCfg = Release|Any CPU
		{34FE1241-36F9-45B6-8820-F7BF9EAA76E1}.Release|Any CPU.Build.0 = Release|Any CPU
	EndGlobalSection
	GlobalSection(SolutionProperties) = preSolution
		HideSolutionNode = FALSE
	EndGlobalSection
	GlobalSection(ExtensibilityGlobals) = postSolution
		SolutionGuid = {B52D5B2D-0EF2-459C-9FD8-CB5B9B6385CC}
	EndGlobalSection
EndGlobal
